
Microsoft Visual Studio Solution File, Format Version 12.00
# Visual Studio Version 17
VisualStudioVersion = 17.0.32014.148
MinimumVisualStudioVersion = 10.0.40219.1
Project("{FAE04EC0-301F-11D3-BF4B-00C04F79EFBC}") = "Battle Ships", "Battle Ships.csproj", "{93CE7BD9-895B-40C2-8EF3-E820E27E0E84}"
EndProject
Global
	GlobalSection(SolutionConfigurationPlatforms) = preSolution
		Debug|Any CPU = Debug|Any CPU
		Release|Any CPU = Release|Any CPU
	EndGlobalSection
	GlobalSection(ProjectConfigurationPlatforms) = postSolution
		{93CE7BD9-895B-40C2-8EF3-E820E27E0E84}.Debug|Any CPU.ActiveCfg = Debug|Any CPU
		{93CE7BD9-895B-40C2-8EF3-E820E27E0E84}.Debug|Any CPU.Build.0 = Debug|Any CPU
		{93CE7BD9-895B-40C2-8EF3-E820E27E0E84}.Release|Any CPU.ActiveCfg = Release|Any CPU
		{93CE7BD9-895B-40C2-8EF3-E820E27E0E84}.Release|Any CPU.Build.0 = Release|Any CPU
	EndGlobalSection
	GlobalSection(SolutionProperties) = preSolution
		HideSolutionNode = FALSE
	EndGlobalSection
	GlobalSection(ExtensibilityGlobals) = postSolution
		SolutionGuid = {934F3C92-BC04-4717-BB9B-940A7B7FE7E2}
	EndGlobalSection
EndGlobal
